lockfileVersion: '6.0'

settings:
  autoInstallPeers: true
  excludeLinksFromLockfile: false

dependencies:
  react-icons:
    specifier: ^5.4.0
    version: 5.4.0(react@19.0.0)

packages:

  /react-icons@5.4.0(react@19.0.0):
    resolution: {integrity: sha512-7eltJxgVt7X64oHh6wSWNwwbKTCtMfK35hcjvJS0yxEAhPM8oUKdS3+kqaW1vicIltw+kR2unHaa12S9pPALoQ==}
    peerDependencies:
      react: '*'
    dependencies:
      react: 19.0.0
    dev: false

  /react@19.0.0:
    resolution: {integrity: sha512-V8AVnmPIICiWpGfm6GLzCR/W5FXLchHop40W4nXBmdlEceh16rCN8O8LNWm5bh5XUX91fh7KpA+W0TgMKmgTpQ==}
    engines: {node: '>=0.10.0'}
    dev: false
